
Microsoft Visual Studio Solution File, Format Version 12.00
# Visual Studio 15
VisualStudioVersion = 15.0.28307.168
MinimumVisualStudioVersion = 10.0.40219.1
Project("{FAE04EC0-301F-11D3-BF4B-00C04F79EFBC}") = "Yandex.Translator.Tests", "Yandex.Translator.Tests\Yandex.Translator.Tests.csproj", "{0BFA6335-3974-42BC-AF1F-D35AE8EFA06E}"
EndProject
Project("{FAE04EC0-301F-11D3-BF4B-00C04F79EFBC}") = "Yandex.Translator.4.5.2", "Yandex.Translator.4.5.2\Yandex.Translator.4.5.2.csproj", "{C52CA2FF-5D8B-4CD0-A3CB-AF105DEFE390}"
EndProject
Project("{9A19103F-16F7-4668-BE54-9A1E7A4F7556}") = "Yandex.Translator.Standard", "Yandex.Translator.Standard\Yandex.Translator.Standard.csproj", "{924693CC-7F1F-409D-ACAF-968BDFEE82F0}"
EndProject
Project("{FAE04EC0-301F-11D3-BF4B-00C04F79EFBC}") = "Yandex.Translator.4.6.2", "Yandex.Translator.4.6.2\Yandex.Translator.4.6.2.csproj", "{AE5F607C-E288-44DB-8C44-0636D9AD49EA}"
EndProject
Project("{FAE04EC0-301F-11D3-BF4B-00C04F79EFBC}") = "Yandex.Translator.4.7.2", "Yandex.Translator.4.7.2\Yandex.Translator.4.7.2.csproj", "{73E58186-621D-46C2-B475-A17ECFC79935}"
EndProject
Project("{FAE04EC0-301F-11D3-BF4B-00C04F79EFBC}") = "Yandex.Translator.Core", "Yandex.Translator.Core\Yandex.Translator.Core.csproj", "{0C448DE2-164C-4E89-A386-3B6F7A8D6825}"
EndProject
Global
	GlobalSection(SolutionConfigurationPlatforms) = preSolution
		Debug|Any CPU = Debug|Any CPU
		Release|Any CPU = Release|Any CPU
	EndGlobalSection
	GlobalSection(ProjectConfigurationPlatforms) = postSolution
		{0BFA6335-3974-42BC-AF1F-D35AE8EFA06E}.Debug|Any CPU.ActiveCfg = Debug|Any CPU
		{0BFA6335-3974-42BC-AF1F-D35AE8EFA06E}.Debug|Any CPU.Build.0 = Debug|Any CPU
		{0BFA6335-3974-42BC-AF1F-D35AE8EFA06E}.Release|Any CPU.ActiveCfg = Release|Any CPU
		{0BFA6335-3974-42BC-AF1F-D35AE8EFA06E}.Release|Any CPU.Build.0 = Release|Any CPU
		{C52CA2FF-5D8B-4CD0-A3CB-AF105DEFE390}.Debug|Any CPU.ActiveCfg = Debug|Any CPU
		{C52CA2FF-5D8B-4CD0-A3CB-AF105DEFE390}.Debug|Any CPU.Build.0 = Debug|Any CPU
		{C52CA2FF-5D8B-4CD0-A3CB-AF105DEFE390}.Release|Any CPU.ActiveCfg = Release|Any CPU
		{C52CA2FF-5D8B-4CD0-A3CB-AF105DEFE390}.Release|Any CPU.Build.0 = Release|Any CPU
		{924693CC-7F1F-409D-ACAF-968BDFEE82F0}.Debug|Any CPU.ActiveCfg = Debug|Any CPU
		{924693CC-7F1F-409D-ACAF-968BDFEE82F0}.Debug|Any CPU.Build.0 = Debug|Any CPU
		{924693CC-7F1F-409D-ACAF-968BDFEE82F0}.Release|Any CPU.ActiveCfg = Release|Any CPU
		{924693CC-7F1F-409D-ACAF-968BDFEE82F0}.Release|Any CPU.Build.0 = Release|Any CPU
		{AE5F607C-E288-44DB-8C44-0636D9AD49EA}.Debug|Any CPU.ActiveCfg = Debug|Any CPU
		{AE5F607C-E288-44DB-8C44-0636D9AD49EA}.Debug|Any CPU.Build.0 = Debug|Any CPU
		{AE5F607C-E288-44DB-8C44-0636D9AD49EA}.Release|Any CPU.ActiveCfg = Release|Any CPU
		{AE5F607C-E288-44DB-8C44-0636D9AD49EA}.Release|Any CPU.Build.0 = Release|Any CPU
		{73E58186-621D-46C2-B475-A17ECFC79935}.Debug|Any CPU.ActiveCfg = Debug|Any CPU
		{73E58186-621D-46C2-B475-A17ECFC79935}.Debug|Any CPU.Build.0 = Debug|Any CPU
		{73E58186-621D-46C2-B475-A17ECFC79935}.Release|Any CPU.ActiveCfg = Release|Any CPU
		{73E58186-621D-46C2-B475-A17ECFC79935}.Release|Any CPU.Build.0 = Release|Any CPU
		{0C448DE2-164C-4E89-A386-3B6F7A8D6825}.Debug|Any CPU.ActiveCfg = Debug|Any CPU
		{0C448DE2-164C-4E89-A386-3B6F7A8D6825}.Debug|Any CPU.Build.0 = Debug|Any CPU
		{0C448DE2-164C-4E89-A386-3B6F7A8D6825}.Release|Any CPU.ActiveCfg = Release|Any CPU
		{0C448DE2-164C-4E89-A386-3B6F7A8D6825}.Release|Any CPU.Build.0 = Release|Any CPU
	EndGlobalSection
	GlobalSection(SolutionProperties) = preSolution
		HideSolutionNode = FALSE
	EndGlobalSection
	GlobalSection(ExtensibilityGlobals) = postSolution
		SolutionGuid = {E3734063-5AC2-4A65-A88A-86E6893D967D}
	EndGlobalSection
EndGlobal
